# THIS IS AN AUTOGENERATED FILE. DO NOT EDIT THIS FILE DIRECTLY.
# yarn lockfile v1
acorn-jsx@^3.0.0:
  version "3.0.1"
  resolved "https://registry.yarnpkg.com/acorn-jsx/-/acorn-jsx-3.0.1.tgz#afdf9488fb1ecefc8348f6fb22f464e32a58b36b"
  dependencies:
    acorn "^3.0.4"

acorn@^3.0.4:
  version "3.3.0"
  resolved "https://registry.yarnpkg.com/acorn/-/acorn-3.3.0.tgz#45e37fb39e8da3f25baee3ff5369e2bb5f22017a"

acorn@^4.0.1:
  version "4.0.4"
  resolved "https://registry.yarnpkg.com/acorn/-/acorn-4.0.4.tgz#17a8d6a7a6c4ef538b814ec9abac2779293bf30a"

ajv-keywords@^1.0.0:
  version "1.5.0"
  resolved "https://registry.yarnpkg.com/ajv-keywords/-/ajv-keywords-1.5.0.tgz#c11e6859eafff83e0dafc416929472eca946aa2c"

ajv@^4.7.0:
  version "4.10.4"
  resolved "https://registry.yarnpkg.com/ajv/-/ajv-4.10.4.tgz#c0974dd00b3464984892d6010aa9c2c945933254"
  dependencies:
    co "^4.6.0"
    json-stable-stringify "^1.0.1"

ansi-escapes@^1.1.0:
  version "1.4.0"
  resolved "https://registry.yarnpkg.com/ansi-escapes/-/ansi-escapes-1.4.0.tgz#d3a8a83b319aa67793662b13e761c7911422306e"

ansi-regex@^2.0.0:
  version "2.1.1"
  resolved "https://registry.yarnpkg.com/ansi-regex/-/ansi-regex-2.1.1.tgz#c3b33ab5ee360d86e0e628f0468ae7ef27d654df"

ansi-styles@^2.2.1:
  version "2.2.1"
  resolved "https://registry.yarnpkg.com/ansi-styles/-/ansi-styles-2.2.1.tgz#b432dd3358b634cf75e1e4664368240533c1ddbe"

ansicolors@~0.2.1:
  version "0.2.1"
  resolved "https://registry.yarnpkg.com/ansicolors/-/ansicolors-0.2.1.tgz#be089599097b74a5c9c4a84a0cdbcdb62bd87aef"

argparse@^1.0.7:
  version "1.0.9"
  resolved "https://registry.yarnpkg.com/argparse/-/argparse-1.0.9.tgz#73d83bc263f86e97f8cc4f6bae1b0e90a7d22c86"
  dependencies:
    sprintf-js "~1.0.2"

array-kit@^0.0.1:
  version "0.0.1"
  resolved "https://registry.yarnpkg.com/array-kit/-/array-kit-0.0.1.tgz#c26b20f72d6a3a6997f940b51369f5ccc5856489"
  dependencies:
    tree-kit "^0.5.5"

array-union@^1.0.1:
  version "1.0.2"
  resolved "https://registry.yarnpkg.com/array-union/-/array-union-1.0.2.tgz#9a34410e4f4e3da23dea375be5be70f24778ec39"
  dependencies:
    array-uniq "^1.0.1"

array-uniq@^1.0.1:
  version "1.0.3"
  resolved "https://registry.yarnpkg.com/array-uniq/-/array-uniq-1.0.3.tgz#af6ac877a25cc7f74e058894753858dfdb24fdb6"

arrify@^1.0.0:
  version "1.0.1"
  resolved "https://registry.yarnpkg.com/arrify/-/arrify-1.0.1.tgz#898508da2226f380df904728456849c1501a4b0d"

asap@~2.0.3:
  version "2.0.5"
  resolved "https://registry.yarnpkg.com/asap/-/asap-2.0.5.tgz#522765b50c3510490e52d7dcfe085ef9ba96958f"

async-kit@^0.6.6:
  version "0.6.10"
  resolved "https://registry.yarnpkg.com/async-kit/-/async-kit-0.6.10.tgz#8c17f578e7c4251b44ad662705eaa3bde98ba8d8"
  dependencies:
    tree-kit "^0.5.19"

babel-code-frame@^6.16.0:
  version "6.20.0"
  resolved "https://registry.yarnpkg.com/babel-code-frame/-/babel-code-frame-6.20.0.tgz#b968f839090f9a8bc6d41938fb96cb84f7387b26"
  dependencies:
    chalk "^1.1.0"
    esutils "^2.0.2"
    js-tokens "^2.0.0"

babel-runtime@^5.8.19:
  version "5.8.38"
  resolved "https://registry.yarnpkg.com/babel-runtime/-/babel-runtime-5.8.38.tgz#1c0b02eb63312f5f087ff20450827b425c9d4c19"
  dependencies:
    core-js "^1.0.0"

balanced-match@^0.4.1:
  version "0.4.2"
  resolved "https://registry.yarnpkg.com/balanced-match/-/balanced-match-0.4.2.tgz#cb3f3e3c732dc0f01ee70b403f302e61d7709838"

big-number@0.3.1:
  version "0.3.1"
  resolved "https://registry.yarnpkg.com/big-number/-/big-number-0.3.1.tgz#ac73020c0a59bb79eb17c2ce2db77f77d974e013"

bl@^1.0.0:
  version "1.2.0"
  resolved "https://registry.yarnpkg.com/bl/-/bl-1.2.0.tgz#1397e7ec42c5f5dc387470c500e34a9f6be9ea98"
  dependencies:
    readable-stream "^2.0.5"

brace-expansion@^1.0.0:
  version "1.1.6"
  resolved "https://registry.yarnpkg.com/brace-expansion/-/brace-expansion-1.1.6.tgz#7197d7eaa9b87e648390ea61fc66c84427420df9"
  dependencies:
    balanced-match "^0.4.1"
    concat-map "0.0.1"

buffer-shims@^1.0.0:
  version "1.0.0"
  resolved "https://registry.yarnpkg.com/buffer-shims/-/buffer-shims-1.0.0.tgz#9978ce317388c649ad8793028c3477ef044a8b51"

busboy@^0.2.0:
  version "0.2.13"
  resolved "https://registry.yarnpkg.com/busboy/-/busboy-0.2.13.tgz#90fc4f6a3967d815616fc976bfa8e56aed0c58b6"
  dependencies:
    dicer "0.2.5"
    readable-stream "1.1.x"

byt@~0.1.0:
  version "0.1.0"
  resolved "https://registry.yarnpkg.com/byt/-/byt-0.1.0.tgz#b72553977b8c4dc890d262fd5e20f330039d154b"

caller-path@^0.1.0:
  version "0.1.0"
  resolved "https://registry.yarnpkg.com/caller-path/-/caller-path-0.1.0.tgz#94085ef63581ecd3daa92444a8fe94e82577751f"
  dependencies:
    callsites "^0.2.0"

callsites@^0.2.0:
  version "0.2.0"
  resolved "https://registry.yarnpkg.com/callsites/-/callsites-0.2.0.tgz#afab96262910a7f33c19a5775825c69f34e350ca"

cardinal@1.0.0:
  version "1.0.0"
  resolved "https://registry.yarnpkg.com/cardinal/-/cardinal-1.0.0.tgz#50e21c1b0aa37729f9377def196b5a9cec932ee9"
  dependencies:
    ansicolors "~0.2.1"
    redeyed "~1.0.0"

chalk@^1.0.0, chalk@^1.1.0, chalk@^1.1.1, chalk@^1.1.3:
  version "1.1.3"
  resolved "https://registry.yarnpkg.com/chalk/-/chalk-1.1.3.tgz#a8115c55e4a702fe4d150abd3872822a7e09fc98"
  dependencies:
    ansi-styles "^2.2.1"
    escape-string-regexp "^1.0.2"
    has-ansi "^2.0.0"
    strip-ansi "^3.0.0"
    supports-color "^2.0.0"

charm@~0.1.2:
  version "0.1.2"
  resolved "https://registry.yarnpkg.com/charm/-/charm-0.1.2.tgz#06c21eed1a1b06aeb67553cdc53e23274bac2296"

circular-json@^0.3.1:
  version "0.3.1"
  resolved "https://registry.yarnpkg.com/circular-json/-/circular-json-0.3.1.tgz#be8b36aefccde8b3ca7aa2d6afc07a37242c0d2d"

cli-cursor@^1.0.1:
  version "1.0.2"
  resolved "https://registry.yarnpkg.com/cli-cursor/-/cli-cursor-1.0.2.tgz#64da3f7d56a54412e59794bd62dc35295e8f2987"
  dependencies:
    restore-cursor "^1.0.1"

cli-width@^2.0.0:
  version "2.1.0"
  resolved "https://registry.yarnpkg.com/cli-width/-/cli-width-2.1.0.tgz#b234ca209b29ef66fc518d9b98d5847b00edf00a"

co@^4.6.0:
  version "4.6.0"
  resolved "https://registry.yarnpkg.com/co/-/co-4.6.0.tgz#6ea6bdf3d853ae54ccb8e47bfa0bf3f9031fb184"

code-point-at@^1.0.0:
  version "1.1.0"
  resolved "https://registry.yarnpkg.com/code-point-at/-/code-point-at-1.1.0.tgz#0d070b4d043a5bea33a2f1a40e2edb3d9a4ccf77"

colors@^1.1.0, "colors@>=0.6.0 < 2":
  version "1.1.2"
  resolved "https://registry.yarnpkg.com/colors/-/colors-1.1.2.tgz#168a4701756b6a7f51a12ce0c97bfa28c084ed63"

concat-map@0.0.1:
  version "0.0.1"
  resolved "https://registry.yarnpkg.com/concat-map/-/concat-map-0.0.1.tgz#d8a96bd77fd68df7793a73036a3ba0d5405d477b"

concat-stream@^1.4.6:
  version "1.6.0"
  resolved "https://registry.yarnpkg.com/concat-stream/-/concat-stream-1.6.0.tgz#0aac662fd52be78964d5532f694784e70110acf7"
  dependencies:
    inherits "^2.0.3"
    readable-stream "^2.2.2"
    typedarray "^0.0.6"

core-js@^1.0.0:
  version "1.2.7"
  resolved "https://registry.yarnpkg.com/core-js/-/core-js-1.2.7.tgz#652294c14651db28fa93bd2d5ff2983a4f08c636"

core-util-is@~1.0.0:
  version "1.0.2"
  resolved "https://registry.yarnpkg.com/core-util-is/-/core-util-is-1.0.2.tgz#b5fd54220aa2bc5ab57aab7140c940754503c1a7"

d@^0.1.1, d@~0.1.1:
  version "0.1.1"
  resolved "https://registry.yarnpkg.com/d/-/d-0.1.1.tgz#da184c535d18d8ee7ba2aa229b914009fae11309"
  dependencies:
    es5-ext "~0.10.2"

debug@^2.1.1:
  version "2.6.0"
  resolved "https://registry.yarnpkg.com/debug/-/debug-2.6.0.tgz#bc596bcabe7617f11d9fa15361eded5608b8499b"
  dependencies:
    ms "0.7.2"

deep-is@~0.1.3:
  version "0.1.3"
  resolved "https://registry.yarnpkg.com/deep-is/-/deep-is-0.1.3.tgz#b369d6fb5dbc13eecf524f91b070feedc357cf34"

del@^2.0.2:
  version "2.2.2"
  resolved "https://registry.yarnpkg.com/del/-/del-2.2.2.tgz#c12c981d067846c84bcaf862cff930d907ffd1a8"
  dependencies:
    globby "^5.0.0"
    is-path-cwd "^1.0.0"
    is-path-in-cwd "^1.0.0"
    object-assign "^4.0.1"
    pify "^2.0.0"
    pinkie-promise "^2.0.0"
    rimraf "^2.2.8"

denque@^1.1.0:
  version "1.1.0"
  resolved "https://registry.yarnpkg.com/denque/-/denque-1.1.0.tgz#cc9892dd674bed833e74544964de1b3c7e847d90"

dicer@0.2.5:
  version "0.2.5"
  resolved "https://registry.yarnpkg.com/dicer/-/dicer-0.2.5.tgz#5996c086bb33218c812c090bddc09cd12facb70f"
  dependencies:
    readable-stream "1.1.x"
    streamsearch "0.1.2"

doctrine@^1.2.2:
  version "1.5.0"
  resolved "https://registry.yarnpkg.com/doctrine/-/doctrine-1.5.0.tgz#379dce730f6166f76cefa4e6707a159b02c5a6fa"
  dependencies:
    esutils "^2.0.2"
    isarray "^1.0.0"

duplexer2@0.0.2:
  version "0.0.2"
  resolved "https://registry.yarnpkg.com/duplexer2/-/duplexer2-0.0.2.tgz#c614dcf67e2fb14995a91711e5a617e8a60a31db"
  dependencies:
    readable-stream "~1.1.9"

es5-ext@^0.10.7, es5-ext@^0.10.8, es5-ext@~0.10.11, es5-ext@~0.10.2, es5-ext@~0.10.7:
  version "0.10.12"
  resolved "https://registry.yarnpkg.com/es5-ext/-/es5-ext-0.10.12.tgz#aa84641d4db76b62abba5e45fd805ecbab140047"
  dependencies:
    es6-iterator "2"
    es6-symbol "~3.1"

es6-iterator@2:
  version "2.0.0"
  resolved "https://registry.yarnpkg.com/es6-iterator/-/es6-iterator-2.0.0.tgz#bd968567d61635e33c0b80727613c9cb4b096bac"
  dependencies:
    d "^0.1.1"
    es5-ext "^0.10.7"
    es6-symbol "3"

es6-map@^0.1.3:
  version "0.1.4"
  resolved "https://registry.yarnpkg.com/es6-map/-/es6-map-0.1.4.tgz#a34b147be224773a4d7da8072794cefa3632b897"
  dependencies:
    d "~0.1.1"
    es5-ext "~0.10.11"
    es6-iterator "2"
    es6-set "~0.1.3"
    es6-symbol "~3.1.0"
    event-emitter "~0.3.4"

es6-set@~0.1.3:
  version "0.1.4"
  resolved "https://registry.yarnpkg.com/es6-set/-/es6-set-0.1.4.tgz#9516b6761c2964b92ff479456233a247dc707ce8"
  dependencies:
    d "~0.1.1"
    es5-ext "~0.10.11"
    es6-iterator "2"
    es6-symbol "3"
    event-emitter "~0.3.4"

es6-symbol@~3.1, es6-symbol@~3.1.0, es6-symbol@3:
  version "3.1.0"
  resolved "https://registry.yarnpkg.com/es6-symbol/-/es6-symbol-3.1.0.tgz#94481c655e7a7cad82eba832d97d5433496d7ffa"
  dependencies:
    d "~0.1.1"
    es5-ext "~0.10.11"

es6-weak-map@^2.0.1:
  version "2.0.1"
  resolved "https://registry.yarnpkg.com/es6-weak-map/-/es6-weak-map-2.0.1.tgz#0d2bbd8827eb5fb4ba8f97fbfea50d43db21ea81"
  dependencies:
    d "^0.1.1"
    es5-ext "^0.10.8"
    es6-iterator "2"
    es6-symbol "3"

escape-string-regexp@^1.0.2, escape-string-regexp@^1.0.5:
  version "1.0.5"
  resolved "https://registry.yarnpkg.com/escape-string-regexp/-/escape-string-regexp-1.0.5.tgz#1b61c0562190a8dff6ae3bb2cf0200ca130b86d4"

escope@^3.6.0:
  version "3.6.0"
  resolved "https://registry.yarnpkg.com/escope/-/escope-3.6.0.tgz#e01975e812781a163a6dadfdd80398dc64c889c3"
  dependencies:
    es6-map "^0.1.3"
    es6-weak-map "^2.0.1"
    esrecurse "^4.1.0"
    estraverse "^4.1.1"

eslint-config-google@^0.7.0:
  version "0.7.1"
  resolved "https://registry.yarnpkg.com/eslint-config-google/-/eslint-config-google-0.7.1.tgz#5598f8498e9e078420f34b80495b8d959f651fb2"

eslint@^3.13.0:
  version "3.13.1"
  resolved "https://registry.yarnpkg.com/eslint/-/eslint-3.13.1.tgz#564d2646b5efded85df96985332edd91a23bff25"
  dependencies:
    babel-code-frame "^6.16.0"
    chalk "^1.1.3"
    concat-stream "^1.4.6"
    debug "^2.1.1"
    doctrine "^1.2.2"
    escope "^3.6.0"
    espree "^3.3.1"
    estraverse "^4.2.0"
    esutils "^2.0.2"
    file-entry-cache "^2.0.0"
    glob "^7.0.3"
    globals "^9.14.0"
    ignore "^3.2.0"
    imurmurhash "^0.1.4"
    inquirer "^0.12.0"
    is-my-json-valid "^2.10.0"
    is-resolvable "^1.0.0"
    js-yaml "^3.5.1"
    json-stable-stringify "^1.0.0"
    levn "^0.3.0"
    lodash "^4.0.0"
    mkdirp "^0.5.0"
    natural-compare "^1.4.0"
    optionator "^0.8.2"
    path-is-inside "^1.0.1"
    pluralize "^1.2.1"
    progress "^1.1.8"
    require-uncached "^1.0.2"
    shelljs "^0.7.5"
    strip-bom "^3.0.0"
    strip-json-comments "~2.0.1"
    table "^3.7.8"
    text-table "~0.2.0"
    user-home "^2.0.0"

espree@^3.3.1:
  version "3.3.2"
  resolved "https://registry.yarnpkg.com/espree/-/espree-3.3.2.tgz#dbf3fadeb4ecb4d4778303e50103b3d36c88b89c"
  dependencies:
    acorn "^4.0.1"
    acorn-jsx "^3.0.0"

esprima@^2.6.0:
  version "2.7.3"
  resolved "https://registry.yarnpkg.com/esprima/-/esprima-2.7.3.tgz#96e3b70d5779f6ad49cd032673d1c312767ba581"

esprima@~3.0.0:
  version "3.0.0"
  resolved "https://registry.yarnpkg.com/esprima/-/esprima-3.0.0.tgz#53cf247acda77313e551c3aa2e73342d3fb4f7d9"

esrecurse@^4.1.0:
  version "4.1.0"
  resolved "https://registry.yarnpkg.com/esrecurse/-/esrecurse-4.1.0.tgz#4713b6536adf7f2ac4f327d559e7756bff648220"
  dependencies:
    estraverse "~4.1.0"
    object-assign "^4.0.1"

estraverse@^4.1.1, estraverse@^4.2.0:
  version "4.2.0"
  resolved "https://registry.yarnpkg.com/estraverse/-/estraverse-4.2.0.tgz#0dee3fed31fcd469618ce7342099fc1afa0bdb13"

estraverse@~4.1.0:
  version "4.1.1"
  resolved "https://registry.yarnpkg.com/estraverse/-/estraverse-4.1.1.tgz#f6caca728933a850ef90661d0e17982ba47111a2"

esutils@^2.0.2:
  version "2.0.2"
  resolved "https://registry.yarnpkg.com/esutils/-/esutils-2.0.2.tgz#0abf4f1caa5bcb1f7a9d8acc6dea4faaa04bac9b"

event-emitter@~0.3.4:
  version "0.3.4"
  resolved "https://registry.yarnpkg.com/event-emitter/-/event-emitter-0.3.4.tgz#8d63ddfb4cfe1fae3b32ca265c4c720222080bb5"
  dependencies:
    d "~0.1.1"
    es5-ext "~0.10.7"

exit-hook@^1.0.0:
  version "1.1.1"
  resolved "https://registry.yarnpkg.com/exit-hook/-/exit-hook-1.1.1.tgz#f05ca233b48c05d54fff07765df8507e95c02ff8"

extsprintf@1.2.0:
  version "1.2.0"
  resolved "https://registry.yarnpkg.com/extsprintf/-/extsprintf-1.2.0.tgz#5ad946c22f5b32ba7f8cd7426711c6e8a3fc2529"

fast-levenshtein@~2.0.4:
  version "2.0.6"
  resolved "https://registry.yarnpkg.com/fast-levenshtein/-/fast-levenshtein-2.0.6.tgz#3d8a5c66883a16a30ca8643e851f19baa7797917"

figures@^1.3.5:
  version "1.7.0"
  resolved "https://registry.yarnpkg.com/figures/-/figures-1.7.0.tgz#cbe1e3affcf1cd44b80cadfed28dc793a9701d2e"
  dependencies:
    escape-string-regexp "^1.0.5"
    object-assign "^4.1.0"

file-entry-cache@^2.0.0:
  version "2.0.0"
  resolved "https://registry.yarnpkg.com/file-entry-cache/-/file-entry-cache-2.0.0.tgz#c392990c3e684783d838b8c84a45d8a048458361"
  dependencies:
    flat-cache "^1.2.1"
    object-assign "^4.0.1"

flat-cache@^1.2.1:
  version "1.2.2"
  resolved "https://registry.yarnpkg.com/flat-cache/-/flat-cache-1.2.2.tgz#fa86714e72c21db88601761ecf2f555d1abc6b96"
  dependencies:
    circular-json "^0.3.1"
    del "^2.0.2"
    graceful-fs "^4.1.2"
    write "^0.2.1"

fs.realpath@^1.0.0:
  version "1.0.0"
  resolved "https://registry.yarnpkg.com/fs.realpath/-/fs.realpath-1.0.0.tgz#1504ad2523158caa40db4a2787cb01411994ea4f"

generate-function@^2.0.0:
  version "2.0.0"
  resolved "https://registry.yarnpkg.com/generate-function/-/generate-function-2.0.0.tgz#6858fe7c0969b7d4e9093337647ac79f60dfbe74"

generate-object-property@^1.1.0:
  version "1.2.0"
  resolved "https://registry.yarnpkg.com/generate-object-property/-/generate-object-property-1.2.0.tgz#9c0e1c40308ce804f4783618b937fa88f99d50d0"
  dependencies:
    is-property "^1.0.0"

generic-pool@^2.1.0, generic-pool@^2.2.0:
  version "2.5.0"
  resolved "https://registry.yarnpkg.com/generic-pool/-/generic-pool-2.5.0.tgz#3527229cf4bca1fc40853570dd30541b92442cbe"

glob@^7.0.0, glob@^7.0.3, glob@^7.0.5:
  version "7.1.1"
  resolved "https://registry.yarnpkg.com/glob/-/glob-7.1.1.tgz#805211df04faaf1c63a3600306cdf5ade50b2ec8"
  dependencies:
    fs.realpath "^1.0.0"
    inflight "^1.0.4"
    inherits "2"
    minimatch "^3.0.2"
    once "^1.3.0"
    path-is-absolute "^1.0.0"

globals@^9.14.0:
  version "9.14.0"
  resolved "https://registry.yarnpkg.com/globals/-/globals-9.14.0.tgz#8859936af0038741263053b39d0e76ca241e4034"

globby@^5.0.0:
  version "5.0.0"
  resolved "https://registry.yarnpkg.com/globby/-/globby-5.0.0.tgz#ebd84667ca0dbb330b99bcfc68eac2bc54370e0d"
  dependencies:
    array-union "^1.0.1"
    arrify "^1.0.0"
    glob "^7.0.3"
    object-assign "^4.0.1"
    pify "^2.0.0"
    pinkie-promise "^2.0.0"

graceful-fs@^4.1.2:
  version "4.1.11"
  resolved "https://registry.yarnpkg.com/graceful-fs/-/graceful-fs-4.1.11.tgz#0e8bdfe4d1ddb8854d64e04ea7c00e2a026e5658"

has-ansi@^2.0.0:
  version "2.0.0"
  resolved "https://registry.yarnpkg.com/has-ansi/-/has-ansi-2.0.0.tgz#34f5049ce1ecdf2b0649af3ef24e45ed35416d91"
  dependencies:
    ansi-regex "^2.0.0"

"http2@>=2.7.0 < 4":
  version "3.3.6"
  resolved "https://registry.yarnpkg.com/http2/-/http2-3.3.6.tgz#7df06227e02b5b5a5841deea08239b3198d04bec"

iconv-lite@^0.4.11, iconv-lite@^0.4.13:
  version "0.4.15"
  resolved "https://registry.yarnpkg.com/iconv-lite/-/iconv-lite-0.4.15.tgz#fe265a218ac6a57cfe854927e9d04c19825eddeb"

ignore@^3.2.0:
  version "3.2.0"
  resolved "https://registry.yarnpkg.com/ignore/-/ignore-3.2.0.tgz#8d88f03c3002a0ac52114db25d2c673b0bf1e435"

imurmurhash@^0.1.4:
  version "0.1.4"
  resolved "https://registry.yarnpkg.com/imurmurhash/-/imurmurhash-0.1.4.tgz#9218b9b2b928a238b13dc4fb6b6d576f231453ea"

inflight@^1.0.4:
  version "1.0.6"
  resolved "https://registry.yarnpkg.com/inflight/-/inflight-1.0.6.tgz#49bd6331d7d02d0c09bc910a1075ba8165b56df9"
  dependencies:
    once "^1.3.0"
    wrappy "1"

inherits@^2.0.3, inherits@~2.0.0, inherits@~2.0.1, inherits@2:
  version "2.0.3"
  resolved "https://registry.yarnpkg.com/inherits/-/inherits-2.0.3.tgz#633c2c83e3da42a502f52466022480f4208261de"

inquirer@^0.12.0:
  version "0.12.0"
  resolved "https://registry.yarnpkg.com/inquirer/-/inquirer-0.12.0.tgz#1ef2bfd63504df0bc75785fff8c2c41df12f077e"
  dependencies:
    ansi-escapes "^1.1.0"
    ansi-regex "^2.0.0"
    chalk "^1.0.0"
    cli-cursor "^1.0.1"
    cli-width "^2.0.0"
    figures "^1.3.5"
    lodash "^4.3.0"
    readline2 "^1.0.1"
    run-async "^0.1.0"
    rx-lite "^3.1.2"
    string-width "^1.0.1"
    strip-ansi "^3.0.0"
    through "^2.3.6"

interpret@^1.0.0:
  version "1.0.1"
  resolved "https://registry.yarnpkg.com/interpret/-/interpret-1.0.1.tgz#d579fb7f693b858004947af39fa0db49f795602c"

is-fullwidth-code-point@^1.0.0:
  version "1.0.0"
  resolved "https://registry.yarnpkg.com/is-fullwidth-code-point/-/is-fullwidth-code-point-1.0.0.tgz#ef9e31386f031a7f0d643af82fde50c457ef00cb"
  dependencies:
    number-is-nan "^1.0.0"

is-fullwidth-code-point@^2.0.0:
  version "2.0.0"
  resolved "https://registry.yarnpkg.com/is-fullwidth-code-point/-/is-fullwidth-code-point-2.0.0.tgz#a3b30a5c4f199183167aaab93beefae3ddfb654f"

is-my-json-valid@^2.10.0:
  version "2.15.0"
  resolved "https://registry.yarnpkg.com/is-my-json-valid/-/is-my-json-valid-2.15.0.tgz#936edda3ca3c211fd98f3b2d3e08da43f7b2915b"
  dependencies:
    generate-function "^2.0.0"
    generate-object-property "^1.1.0"
    jsonpointer "^4.0.0"
    xtend "^4.0.0"

is-path-cwd@^1.0.0:
  version "1.0.0"
  resolved "https://registry.yarnpkg.com/is-path-cwd/-/is-path-cwd-1.0.0.tgz#d225ec23132e89edd38fda767472e62e65f1106d"

is-path-in-cwd@^1.0.0:
  version "1.0.0"
  resolved "https://registry.yarnpkg.com/is-path-in-cwd/-/is-path-in-cwd-1.0.0.tgz#6477582b8214d602346094567003be8a9eac04dc"
  dependencies:
    is-path-inside "^1.0.0"

is-path-inside@^1.0.0:
  version "1.0.0"
  resolved "https://registry.yarnpkg.com/is-path-inside/-/is-path-inside-1.0.0.tgz#fc06e5a1683fbda13de667aff717bbc10a48f37f"
  dependencies:
    path-is-inside "^1.0.1"

is-property@^1.0.0:
  version "1.0.2"
  resolved "https://registry.yarnpkg.com/is-property/-/is-property-1.0.2.tgz#57fe1c4e48474edd65b09911f26b1cd4095dda84"

is-resolvable@^1.0.0:
  version "1.0.0"
  resolved "https://registry.yarnpkg.com/is-resolvable/-/is-resolvable-1.0.0.tgz#8df57c61ea2e3c501408d100fb013cf8d6e0cc62"
  dependencies:
    tryit "^1.0.1"

isarray@^1.0.0, isarray@~1.0.0:
  version "1.0.0"
  resolved "https://registry.yarnpkg.com/isarray/-/isarray-1.0.0.tgz#bb935d48582cba168c06834957a54a3e07124f11"

isarray@0.0.1:
  version "0.0.1"
  resolved "https://registry.yarnpkg.com/isarray/-/isarray-0.0.1.tgz#8a18acfca9a8f4177e09abfc6038939b05d1eedf"

js-tokens@^2.0.0:
  version "2.0.0"
  resolved "https://registry.yarnpkg.com/js-tokens/-/js-tokens-2.0.0.tgz#79903f5563ee778cc1162e6dcf1a0027c97f9cb5"

js-yaml@^3.5.1:
  version "3.7.0"
  resolved "https://registry.yarnpkg.com/js-yaml/-/js-yaml-3.7.0.tgz#5c967ddd837a9bfdca5f2de84253abe8a1c03b80"
  dependencies:
    argparse "^1.0.7"
    esprima "^2.6.0"

json-stable-stringify@^1.0.0, json-stable-stringify@^1.0.1:
  version "1.0.1"
  resolved "https://registry.yarnpkg.com/json-stable-stringify/-/json-stable-stringify-1.0.1.tgz#9a759d39c5f2ff503fd5300646ed445f88c4f9af"
  dependencies:
    jsonify "~0.0.0"

jsonify@~0.0.0:
  version "0.0.0"
  resolved "https://registry.yarnpkg.com/jsonify/-/jsonify-0.0.0.tgz#2c74b6ee41d93ca51b7b5aaee8f503631d252a73"

jsonpointer@^4.0.0:
  version "4.0.1"
  resolved "https://registry.yarnpkg.com/jsonpointer/-/jsonpointer-4.0.1.tgz#4fd92cb34e0e9db3c89c8622ecf51f9b978c6cb9"

levn@^0.3.0, levn@~0.3.0:
  version "0.3.0"
  resolved "https://registry.yarnpkg.com/levn/-/levn-0.3.0.tgz#3b09924edf9f083c0490fdd4c0bc4421e04764ee"
  dependencies:
    prelude-ls "~1.1.2"
    type-check "~0.3.2"

linkedlist@^1.0.0:
  version "1.0.1"
  resolved "https://registry.yarnpkg.com/linkedlist/-/linkedlist-1.0.1.tgz#7b74189bfad6e76367fb5a10f3c36913128b782b"

lodash@^4.0.0, lodash@^4.3.0, "lodash@>=3.0.0 < 5":
  version "4.17.4"
  resolved "https://registry.yarnpkg.com/lodash/-/lodash-4.17.4.tgz#78203a4d1c328ae1d86dca6460e369b57f4055ae"

log-rotate@~0.2.2:
  version "0.2.7"
  resolved "https://registry.yarnpkg.com/log-rotate/-/log-rotate-0.2.7.tgz#aadb64259eea49e5668842342c864d0b142e8c2d"

"logrotate-stream@0.2.0 - 0.2.5":
  version "0.2.5"
  resolved "https://registry.yarnpkg.com/logrotate-stream/-/logrotate-stream-0.2.5.tgz#fdd42e7982a7ee2eb86b55f5f23dcbffc66e6990"
  dependencies:
    byt "~0.1.0"
    log-rotate "~0.2.2"
    optimist "~0.6.0"

long@^3.2.0:
  version "3.2.0"
  resolved "https://registry.yarnpkg.com/long/-/long-3.2.0.tgz#d821b7138ca1cb581c172990ef14db200b5c474b"

lru-cache@^4.0.1:
  version "4.0.2"
  resolved "https://registry.yarnpkg.com/lru-cache/-/lru-cache-4.0.2.tgz#1d17679c069cda5d040991a09dbc2c0db377e55e"
  dependencies:
    pseudomap "^1.0.1"
    yallist "^2.0.0"

lru-cache@2.5.0:
  version "2.5.0"
  resolved "https://registry.yarnpkg.com/lru-cache/-/lru-cache-2.5.0.tgz#d82388ae9c960becbea0c73bb9eb79b6c6ce9aeb"

minimatch@^3.0.2:
  version "3.0.3"
  resolved "https://registry.yarnpkg.com/minimatch/-/minimatch-3.0.3.tgz#2a4e4090b96b2db06a9d7df01055a62a77c9b774"
  dependencies:
    brace-expansion "^1.0.0"

minimist@~0.0.1:
  version "0.0.10"
  resolved "https://registry.yarnpkg.com/minimist/-/minimist-0.0.10.tgz#de3f98543dbf96082be48ad1a0c7cda836301dcf"

minimist@0.0.8:
  version "0.0.8"
  resolved "https://registry.yarnpkg.com/minimist/-/minimist-0.0.8.tgz#857fcabfc3397d2625b8228262e86aa7a011b05d"

mkdirp@^0.5.0, mkdirp@^0.5.1:
  version "0.5.1"
  resolved "https://registry.yarnpkg.com/mkdirp/-/mkdirp-0.5.1.tgz#30057438eac6cf7f8c4767f38648d6697d75c903"
  dependencies:
    minimist "0.0.8"

ms@0.7.2:
  version "0.7.2"
  resolved "https://registry.yarnpkg.com/ms/-/ms-0.7.2.tgz#ae25cf2512b3885a1d95d7f037868d8431124765"

"mssql@>=1.3.0 < 4":
  version "3.3.0"
  resolved "https://registry.yarnpkg.com/mssql/-/mssql-3.3.0.tgz#b6e6337ff123e87bf8aee1e6c8344b53ca5da856"
  dependencies:
    generic-pool "^2.2.0"
    promise "^7.0.1"
    tedious "~1.14.0"

mute-stream@0.0.5:
  version "0.0.5"
  resolved "https://registry.yarnpkg.com/mute-stream/-/mute-stream-0.0.5.tgz#8fbfabb0a98a253d3184331f9e8deb7372fac6c0"

"mysql2@< 2.0.0":
  version "1.1.2"
  resolved "https://registry.yarnpkg.com/mysql2/-/mysql2-1.1.2.tgz#92518f70df8c008c1e23c9b2bc2230c08f5faa13"
  dependencies:
    cardinal "1.0.0"
    denque "^1.1.0"
    generate-function "^2.0.0"
    iconv-lite "^0.4.13"
    long "^3.2.0"
    lru-cache "^4.0.1"
    named-placeholders "1.1.1"
    object-assign "^4.1.0"
    readable-stream "2.2.2"
    safe-buffer "^5.0.1"
    seq-queue "0.0.5"
    sqlstring "^2.2.0"

named-placeholders@1.1.1:
  version "1.1.1"
  resolved "https://registry.yarnpkg.com/named-placeholders/-/named-placeholders-1.1.1.tgz#3b7a0d26203dd74b3a9df4c9cfb827b2fb907e64"
  dependencies:
    lru-cache "2.5.0"

natural-compare@^1.4.0:
  version "1.4.0"
  resolved "https://registry.yarnpkg.com/natural-compare/-/natural-compare-1.4.0.tgz#4abebfeed7541f2c27acfb29bdbbd15c8d5ba4f7"

node-app-terminal@0.3.x:
  version "0.3.0"
  resolved "https://registry.yarnpkg.com/node-app-terminal/-/node-app-terminal-0.3.0.tgz#35790ffdc682cb35de8e3eb856ca12b9b3445c6f"
  dependencies:
    colors "^1.1.0"
    node-mod-load "^2.1.0"
    promise-defer "^1.0.0"
    terminal-kit "^0.15.0"
    terminal-menu "^2.1.0"

node-mb-string-size@^1.0.0:
  version "1.0.3"
  resolved "https://registry.yarnpkg.com/node-mb-string-size/-/node-mb-string-size-1.0.3.tgz#31bc2f7ac16ea6161521268f7bf4f8f8effb20f4"

node-mod-load@^2.1.0:
  version "2.1.2"
  resolved "https://registry.yarnpkg.com/node-mod-load/-/node-mod-load-2.1.2.tgz#b9b147fba8c1d1148d7d9416cfe15c1f06141f62"

node-mod-load@^3.0.0, node-mod-load@^3.1.0:
  version "3.1.0"
  resolved "https://registry.yarnpkg.com/node-mod-load/-/node-mod-load-3.1.0.tgz#d89bf0795c021ce418cdf46bcc1b84ab65d60285"

number-is-nan@^1.0.0:
  version "1.0.1"
  resolved "https://registry.yarnpkg.com/number-is-nan/-/number-is-nan-1.0.1.tgz#097b602b53422a522c1afb8790318336941a011d"

object-assign@^4.0.1, object-assign@^4.1.0, "object-assign@>=2.0.0 < 5":
  version "4.1.1"
  resolved "https://registry.yarnpkg.com/object-assign/-/object-assign-4.1.1.tgz#2109adc7965887cfc05cbbd442cac8bfbb360863"

once@^1.3.0:
  version "1.4.0"
  resolved "https://registry.yarnpkg.com/once/-/once-1.4.0.tgz#583b1aa775961d4b113ac17d9c50baef9dd76bd1"
  dependencies:
    wrappy "1"

onetime@^1.0.0:
  version "1.1.0"
  resolved "https://registry.yarnpkg.com/onetime/-/onetime-1.1.0.tgz#a1f7838f8314c516f05ecefcbc4ccfe04b4ed789"

optimist@~0.6.0:
  version "0.6.1"
  resolved "https://registry.yarnpkg.com/optimist/-/optimist-0.6.1.tgz#da3ea74686fa21a19a111c326e90eb15a0196686"
  dependencies:
    minimist "~0.0.1"
    wordwrap "~0.0.2"

optionator@^0.8.2:
  version "0.8.2"
  resolved "https://registry.yarnpkg.com/optionator/-/optionator-0.8.2.tgz#364c5e409d3f4d6301d6c0b4c05bba50180aeb64"
  dependencies:
    deep-is "~0.1.3"
    fast-levenshtein "~2.0.4"
    levn "~0.3.0"
    prelude-ls "~1.1.2"
    type-check "~0.3.2"
    wordwrap "~1.0.0"

os-homedir@^1.0.0:
  version "1.0.2"
  resolved "https://registry.yarnpkg.com/os-homedir/-/os-homedir-1.0.2.tgz#ffbc4988336e0e833de0c168c7ef152121aa7fb3"

path-is-absolute@^1.0.0:
  version "1.0.1"
  resolved "https://registry.yarnpkg.com/path-is-absolute/-/path-is-absolute-1.0.1.tgz#174b9268735534ffbc7ace6bf53a5a9e1b5c5f5f"

path-is-inside@^1.0.1:
  version "1.0.2"
  resolved "https://registry.yarnpkg.com/path-is-inside/-/path-is-inside-1.0.2.tgz#365417dede44430d1c11af61027facf074bdfc53"

pify@^2.0.0:
  version "2.3.0"
  resolved "https://registry.yarnpkg.com/pify/-/pify-2.3.0.tgz#ed141a6ac043a849ea588498e7dca8b15330e90c"

pinkie-promise@^2.0.0:
  version "2.0.1"
  resolved "https://registry.yarnpkg.com/pinkie-promise/-/pinkie-promise-2.0.1.tgz#2135d6dfa7a358c069ac9b178776288228450ffa"
  dependencies:
    pinkie "^2.0.0"

pinkie@^2.0.0:
  version "2.0.4"
  resolved "https://registry.yarnpkg.com/pinkie/-/pinkie-2.0.4.tgz#72556b80cfa0d48a974e80e77248e80ed4f7f870"

pluralize@^1.2.1:
  version "1.2.1"
  resolved "https://registry.yarnpkg.com/pluralize/-/pluralize-1.2.1.tgz#d1a21483fd22bb41e58a12fa3421823140897c45"

prelude-ls@~1.1.2:
  version "1.1.2"
  resolved "https://registry.yarnpkg.com/prelude-ls/-/prelude-ls-1.1.2.tgz#21932a549f5e52ffd9a827f570e04be62a97da54"

process-nextick-args@~1.0.6:
  version "1.0.7"
  resolved "https://registry.yarnpkg.com/process-nextick-args/-/process-nextick-args-1.0.7.tgz#150e20b756590ad3f91093f25a4f2ad8bff30ba3"

progress@^1.1.8:
  version "1.1.8"
  resolved "https://registry.yarnpkg.com/progress/-/progress-1.1.8.tgz#e260c78f6161cdd9b0e56cc3e0a85de17c7a57be"

promise-defer@^1.0.0:
  version "1.0.0"
  resolved "https://registry.yarnpkg.com/promise-defer/-/promise-defer-1.0.0.tgz#25a8093f19bab40c62a8e464c97d04fe4cdc0a24"

promise@^7.0.1:
  version "7.1.1"
  resolved "https://registry.yarnpkg.com/promise/-/promise-7.1.1.tgz#489654c692616b8aa55b0724fa809bb7db49c5bf"
  dependencies:
    asap "~2.0.3"

pseudomap@^1.0.1:
  version "1.0.2"
  resolved "https://registry.yarnpkg.com/pseudomap/-/pseudomap-1.0.2.tgz#f052a28da70e618917ef0a8ac34c1ae5a68286b3"

q@^1.2.0:
  version "1.4.1"
  resolved "https://registry.yarnpkg.com/q/-/q-1.4.1.tgz#55705bcd93c5f3673530c2c2cbc0c2b3addc286e"

qs@^6.0.0:
  version "6.3.0"
  resolved "https://registry.yarnpkg.com/qs/-/qs-6.3.0.tgz#f403b264f23bc01228c74131b407f18d5ea5d442"

readable-stream@^2.0.2, readable-stream@^2.0.5, readable-stream@^2.2.2, readable-stream@2.2.2:
  version "2.2.2"
  resolved "https://registry.yarnpkg.com/readable-stream/-/readable-stream-2.2.2.tgz#a9e6fec3c7dda85f8bb1b3ba7028604556fc825e"
  dependencies:
    buffer-shims "^1.0.0"
    core-util-is "~1.0.0"
    inherits "~2.0.1"
    isarray "~1.0.0"
    process-nextick-args "~1.0.6"
    string_decoder "~0.10.x"
    util-deprecate "~1.0.1"

"readable-stream@>=1.0.33-1 <1.1.0-0":
  version "1.0.34"
  resolved "https://registry.yarnpkg.com/readable-stream/-/readable-stream-1.0.34.tgz#125820e34bc842d2f2aaafafe4c2916ee32c157c"
  dependencies:
    core-util-is "~1.0.0"
    inherits "~2.0.1"
    isarray "0.0.1"
    string_decoder "~0.10.x"

readable-stream@~1.1.9, readable-stream@1.1.x:
  version "1.1.14"
  resolved "https://registry.yarnpkg.com/readable-stream/-/readable-stream-1.1.14.tgz#7cf4c54ef648e3813084c636dd2079e166c081d9"
  dependencies:
    core-util-is "~1.0.0"
    inherits "~2.0.1"
    isarray "0.0.1"
    string_decoder "~0.10.x"

readline2@^1.0.1:
  version "1.0.1"
  resolved "https://registry.yarnpkg.com/readline2/-/readline2-1.0.1.tgz#41059608ffc154757b715d9989d199ffbf372e35"
  dependencies:
    code-point-at "^1.0.0"
    is-fullwidth-code-point "^1.0.0"
    mute-stream "0.0.5"

rechoir@^0.6.2:
  version "0.6.2"
  resolved "https://registry.yarnpkg.com/rechoir/-/rechoir-0.6.2.tgz#85204b54dba82d5742e28c96756ef43af50e3384"
  dependencies:
    resolve "^1.1.6"

redeyed@~1.0.0:
  version "1.0.1"
  resolved "https://registry.yarnpkg.com/redeyed/-/redeyed-1.0.1.tgz#e96c193b40c0816b00aec842698e61185e55498a"
  dependencies:
    esprima "~3.0.0"

request-ip@^1.1.4:
  version "1.2.3"
  resolved "https://registry.yarnpkg.com/request-ip/-/request-ip-1.2.3.tgz#66988f0e22406ec4af630d19b573fe4b447c3b49"

require-uncached@^1.0.2:
  version "1.0.3"
  resolved "https://registry.yarnpkg.com/require-uncached/-/require-uncached-1.0.3.tgz#4e0d56d6c9662fd31e43011c4b95aa49955421d3"
  dependencies:
    caller-path "^0.1.0"
    resolve-from "^1.0.0"

resolve-from@^1.0.0:
  version "1.0.1"
  resolved "https://registry.yarnpkg.com/resolve-from/-/resolve-from-1.0.1.tgz#26cbfe935d1aeeeabb29bc3fe5aeb01e93d44226"

resolve@^1.1.6:
  version "1.2.0"
  resolved "https://registry.yarnpkg.com/resolve/-/resolve-1.2.0.tgz#9589c3f2f6149d1417a40becc1663db6ec6bc26c"

restore-cursor@^1.0.1:
  version "1.0.1"
  resolved "https://registry.yarnpkg.com/restore-cursor/-/restore-cursor-1.0.1.tgz#34661f46886327fed2991479152252df92daa541"
  dependencies:
    exit-hook "^1.0.0"
    onetime "^1.0.0"

resumer@~0.0.0:
  version "0.0.0"
  resolved "https://registry.yarnpkg.com/resumer/-/resumer-0.0.0.tgz#f1e8f461e4064ba39e82af3cdc2a8c893d076759"
  dependencies:
    through "~2.3.4"

rimraf@^2.2.8:
  version "2.5.4"
  resolved "https://registry.yarnpkg.com/rimraf/-/rimraf-2.5.4.tgz#96800093cbf1a0c86bd95b4625467535c29dfa04"
  dependencies:
    glob "^7.0.5"

run-async@^0.1.0:
  version "0.1.0"
  resolved "https://registry.yarnpkg.com/run-async/-/run-async-0.1.0.tgz#c8ad4a5e110661e402a7d21b530e009f25f8e389"
  dependencies:
    once "^1.3.0"

rx-lite@^3.1.2:
  version "3.1.2"
  resolved "https://registry.yarnpkg.com/rx-lite/-/rx-lite-3.1.2.tgz#19ce502ca572665f3b647b10939f97fd1615f102"

safe-buffer@^5.0.1:
  version "5.0.1"
  resolved "https://registry.yarnpkg.com/safe-buffer/-/safe-buffer-5.0.1.tgz#d263ca54696cd8a306b5ca6551e92de57918fbe7"

semver@^5.1.0:
  version "5.3.0"
  resolved "https://registry.yarnpkg.com/semver/-/semver-5.3.0.tgz#9b2ce5d3de02d17c6012ad326aa6b4d0cf54f94f"

seq-queue@0.0.5:
  version "0.0.5"
  resolved "https://registry.yarnpkg.com/seq-queue/-/seq-queue-0.0.5.tgz#d56812e1c017a6e4e7c3e3a37a1da6d78dd3c93e"

shelljs@^0.7.5:
  version "0.7.6"
  resolved "https://registry.yarnpkg.com/shelljs/-/shelljs-0.7.6.tgz#379cccfb56b91c8601e4793356eb5382924de9ad"
  dependencies:
    glob "^7.0.0"
    interpret "^1.0.0"
    rechoir "^0.6.2"

SHPS4Node-auth@^1.0.0:
  version "1.0.0"
  resolved "https://registry.yarnpkg.com/SHPS4Node-auth/-/SHPS4Node-auth-1.0.0.tgz#48ccac89a3efec4bc53fe531ae6e5a15d9f6c99d"
  dependencies:
    node-mod-load "^2.1.0"
    object-assign ">=2.0.0 < 5"
    promise-defer "^1.0.0"
    q "^1.2.0"
    vasync "^1.6.0"

SHPS4Node-cache@^1.0.0:
  version "1.0.0"
  resolved "https://registry.yarnpkg.com/SHPS4Node-cache/-/SHPS4Node-cache-1.0.0.tgz#9132b74f8bbe3eadadcc2f63bb4ddef0f92d87b3"

SHPS4Node-commandline@^1.1.0:
  version "1.1.3"
  resolved "https://registry.yarnpkg.com/SHPS4Node-commandline/-/SHPS4Node-commandline-1.1.3.tgz#abf35e0e9c684922cc01a6f313fd5f15b496cb4c"
  dependencies:
    colors ">=0.6.0 < 2"
    node-app-terminal "0.3.x"
    node-mod-load "^2.1.0"
    q "^1.2.0"

SHPS4Node-config@^1.1.0:
  version "1.2.0"
  resolved "https://registry.yarnpkg.com/SHPS4Node-config/-/SHPS4Node-config-1.2.0.tgz#2ae9e8e1d739a2517405f149594a030e15385dcf"
  dependencies:
    colors ">=0.6.0 < 2"
    node-mod-load "^3.0.0"
    promise-defer "^1.0.0"
    q "^1.2.0"
    semver "^5.1.0"
    vasync "^1.6.0"

SHPS4Node-cookie@^1.0.0:
  version "1.0.0"
  resolved "https://registry.yarnpkg.com/SHPS4Node-cookie/-/SHPS4Node-cookie-1.0.0.tgz#0e2533e1a8d65a4ea5fe6c5e57c89f95a651838c"
  dependencies:
    node-mod-load "^2.1.0"

SHPS4Node-CSS@^1.1.0:
  version "1.1.0"
  resolved "https://registry.yarnpkg.com/SHPS4Node-CSS/-/SHPS4Node-CSS-1.1.0.tgz#d36992f3f29c799c843431bcf48ea29b71060cbd"
  dependencies:
    node-mod-load "^2.1.0"
    promise-defer "^1.0.0"
    q "^1.2.0"
    vasync "^1.6.0"

SHPS4Node-dependency@^1.0.0:
  version "1.0.0"
  resolved "https://registry.yarnpkg.com/SHPS4Node-dependency/-/SHPS4Node-dependency-1.0.0.tgz#1ef4456ff707d93433b80986602ac5aeab057fe1"

SHPS4Node-error@^1.0.0:
  version "1.0.0"
  resolved "https://registry.yarnpkg.com/SHPS4Node-error/-/SHPS4Node-error-1.0.0.tgz#e8ed6d5eb0381808383b1db93b50f6867e5355a1"
  dependencies:
    node-mod-load "^2.1.0"

SHPS4Node-file@^1.1.0:
  version "1.1.1"
  resolved "https://registry.yarnpkg.com/SHPS4Node-file/-/SHPS4Node-file-1.1.1.tgz#e7fbaa0966e4a2cbd51b0a0a9a641ec6f6204cb0"
  dependencies:
    node-mod-load "^2.1.0"
    object-assign ">=2.0.0 < 5"
    promise-defer "^1.0.0"
    q "^1.2.0"

SHPS4Node-frontend@^1.0.0:
  version "1.0.0"
  resolved "https://registry.yarnpkg.com/SHPS4Node-frontend/-/SHPS4Node-frontend-1.0.0.tgz#31f6856447985b8505c8281c63091fbdd6a9ee38"
  dependencies:
    node-mod-load "^2.1.0"

SHPS4Node-init@^1.0.0:
  version "1.0.0"
  resolved "https://registry.yarnpkg.com/SHPS4Node-init/-/SHPS4Node-init-1.0.0.tgz#6569d07119ddd717fc9fd1e177c560cf9addbb24"
  dependencies:
    node-mod-load "^2.1.0"
    q "^1.2.0"
    vasync "^1.6.0"

SHPS4Node-language@^1.0.0:
  version "1.0.0"
  resolved "https://registry.yarnpkg.com/SHPS4Node-language/-/SHPS4Node-language-1.0.0.tgz#f99cde799670308483649019ddfd10ac5228283f"
  dependencies:
    node-mod-load "^2.1.0"
    q "^1.2.0"

SHPS4Node-log@^1.0.0:
  version "1.0.0"
  resolved "https://registry.yarnpkg.com/SHPS4Node-log/-/SHPS4Node-log-1.0.0.tgz#81cc8ce534e07760d749842563194dcee21f5e35"
  dependencies:
    colors ">=0.6.0 < 2"
    logrotate-stream "0.2.0 - 0.2.5"
    node-mod-load "^2.1.0"

SHPS4Node-make@^1.0.0:
  version "1.0.0"
  resolved "https://registry.yarnpkg.com/SHPS4Node-make/-/SHPS4Node-make-1.0.0.tgz#486c37d8aee2230d00da929f58460c6d6b9f8e27"
  dependencies:
    lodash ">=3.0.0 < 5"
    node-mod-load "^2.1.0"
    q "^1.2.0"
    vasync "^1.6.0"

SHPS4Node-optimize@^1.0.0:
  version "1.0.0"
  resolved "https://registry.yarnpkg.com/SHPS4Node-optimize/-/SHPS4Node-optimize-1.0.0.tgz#0828c87a5c02979b8d8858ccf28c9554b2c5d6d6"
  dependencies:
    node-mod-load "^2.1.0"
    q "^1.2.0"

SHPS4Node-parallel@^1.0.0:
  version "1.0.0"
  resolved "https://registry.yarnpkg.com/SHPS4Node-parallel/-/SHPS4Node-parallel-1.0.0.tgz#a1060b9a247428213cfdade924a953c4a788156d"
  dependencies:
    colors ">=0.6.0 < 2"
    node-mod-load "^2.1.0"
    q "^1.2.0"

SHPS4Node-plugin@^1.0.0:
  version "1.0.0"
  resolved "https://registry.yarnpkg.com/SHPS4Node-plugin/-/SHPS4Node-plugin-1.0.0.tgz#5684c89b5ab388afaf8bbc1c0b370e5fdf398fe0"
  dependencies:
    node-mod-load "^2.1.0"
    promise-defer "^1.0.0"
    q "^1.2.0"
    vasync "^1.6.0"

SHPS4Node-sandbox@^1.1.0:
  version "1.1.0"
  resolved "https://registry.yarnpkg.com/SHPS4Node-sandbox/-/SHPS4Node-sandbox-1.1.0.tgz#87110b2dda9fa092bdc22e216e0b6d7519e5fe89"
  dependencies:
    node-mod-load "^2.1.0"
    validator "^6.0.0"

SHPS4Node-schedule@^1.0.0:
  version "1.0.0"
  resolved "https://registry.yarnpkg.com/SHPS4Node-schedule/-/SHPS4Node-schedule-1.0.0.tgz#c4d96e1c02957469290eae9a0c6e9709d9afe563"
  dependencies:
    node-mod-load "^2.1.0"

SHPS4Node-session@^1.0.0:
  version "1.0.0"
  resolved "https://registry.yarnpkg.com/SHPS4Node-session/-/SHPS4Node-session-1.0.0.tgz#9d066cce9816717795d10c1566c54a2be76db825"
  dependencies:
    node-mod-load "^2.1.0"

SHPS4Node-SQL@^1.1.0:
  version "1.1.3"
  resolved "https://registry.yarnpkg.com/SHPS4Node-SQL/-/SHPS4Node-SQL-1.1.3.tgz#23b87553244fa1f0bb23498db2feeb45e460b590"
  dependencies:
    generic-pool "^2.1.0"
    linkedlist "^1.0.0"
    mssql ">=1.3.0 < 4"
    mysql2 "< 2.0.0"
    node-mod-load "^2.1.0"
    object-assign ">=2.0.0 < 5"
    promise-defer "^1.0.0"
    q "^1.2.0"
    sql.js "^0.3.0"
    vasync "^1.6.0"

slice-ansi@0.0.4:
  version "0.0.4"
  resolved "https://registry.yarnpkg.com/slice-ansi/-/slice-ansi-0.0.4.tgz#edbf8903f66f7ce2f8eafd6ceed65e264c831b35"

sprintf-js@~1.0.2:
  version "1.0.3"
  resolved "https://registry.yarnpkg.com/sprintf-js/-/sprintf-js-1.0.3.tgz#04e6926f662895354f3dd015203633b857297e2c"

sprintf@0.1.5:
  version "0.1.5"
  resolved "https://registry.yarnpkg.com/sprintf/-/sprintf-0.1.5.tgz#8f83e39a9317c1a502cb7db8050e51c679f6edcf"

sql.js@^0.3.0:
  version "0.3.2"
  resolved "https://registry.yarnpkg.com/sql.js/-/sql.js-0.3.2.tgz#1676321f0716bdbbdef8d6bf70603424405d3889"

sqlstring@^2.2.0:
  version "2.2.0"
  resolved "https://registry.yarnpkg.com/sqlstring/-/sqlstring-2.2.0.tgz#c3135c4ea8abcd7e7ee741a4966a891d86a4f191"

streamsearch@0.1.2:
  version "0.1.2"
  resolved "https://registry.yarnpkg.com/streamsearch/-/streamsearch-0.1.2.tgz#808b9d0e56fc273d809ba57338e929919a1a9f1a"

string_decoder@~0.10.x:
  version "0.10.31"
  resolved "https://registry.yarnpkg.com/string_decoder/-/string_decoder-0.10.31.tgz#62e203bc41766c6c28c9fc84301dab1c5310fa94"

string-kit@^0.2.10:
  version "0.2.10"
  resolved "https://registry.yarnpkg.com/string-kit/-/string-kit-0.2.10.tgz#c4ec002769450a75280925dbac3d0b0323308973"
  dependencies:
    tree-kit "^0.5.6"

string-width@^1.0.1:
  version "1.0.2"
  resolved "https://registry.yarnpkg.com/string-width/-/string-width-1.0.2.tgz#118bdf5b8cdc51a2a7e70d211e07e2b0b9b107d3"
  dependencies:
    code-point-at "^1.0.0"
    is-fullwidth-code-point "^1.0.0"
    strip-ansi "^3.0.0"

string-width@^2.0.0:
  version "2.0.0"
  resolved "https://registry.yarnpkg.com/string-width/-/string-width-2.0.0.tgz#635c5436cc72a6e0c387ceca278d4e2eec52687e"
  dependencies:
    is-fullwidth-code-point "^2.0.0"
    strip-ansi "^3.0.0"

strip-ansi@^3.0.0:
  version "3.0.1"
  resolved "https://registry.yarnpkg.com/strip-ansi/-/strip-ansi-3.0.1.tgz#6a385fb8853d952d5ff05d0e8aaf94278dc63dcf"
  dependencies:
    ansi-regex "^2.0.0"

strip-bom@^3.0.0:
  version "3.0.0"
  resolved "https://registry.yarnpkg.com/strip-bom/-/strip-bom-3.0.0.tgz#2334c18e9c759f7bdd56fdef7e9ae3d588e68ed3"

strip-json-comments@~2.0.1:
  version "2.0.1"
  resolved "https://registry.yarnpkg.com/strip-json-comments/-/strip-json-comments-2.0.1.tgz#3c531942e908c2697c0ec344858c286c7ca0a60a"

supports-color@^2.0.0:
  version "2.0.0"
  resolved "https://registry.yarnpkg.com/supports-color/-/supports-color-2.0.0.tgz#535d045ce6b6363fa40117084629995e9df324c7"

table@^3.7.8:
  version "3.8.3"
  resolved "https://registry.yarnpkg.com/table/-/table-3.8.3.tgz#2bbc542f0fda9861a755d3947fefd8b3f513855f"
  dependencies:
    ajv "^4.7.0"
    ajv-keywords "^1.0.0"
    chalk "^1.1.1"
    lodash "^4.0.0"
    slice-ansi "0.0.4"
    string-width "^2.0.0"

tedious@~1.14.0:
  version "1.14.0"
  resolved "https://registry.yarnpkg.com/tedious/-/tedious-1.14.0.tgz#c05c303b8668cf91e55a6493b744866af61987de"
  dependencies:
    babel-runtime "^5.8.19"
    big-number "0.3.1"
    bl "^1.0.0"
    iconv-lite "^0.4.11"
    readable-stream "^2.0.2"
    semver "^5.1.0"
    sprintf "0.1.5"

terminal-kit@^0.15.0:
  version "0.15.12"
  resolved "https://registry.yarnpkg.com/terminal-kit/-/terminal-kit-0.15.12.tgz#8fef79a8f27528f47525a9dd2469032a6e54f507"
  dependencies:
    array-kit "^0.0.1"
    async-kit "^0.6.6"
    string-kit "^0.2.10"
    tree-kit "^0.5.6"

terminal-menu@^2.1.0:
  version "2.1.1"
  resolved "https://registry.yarnpkg.com/terminal-menu/-/terminal-menu-2.1.1.tgz#b90862080000447b4560114e2d2a8111fecc3a79"
  dependencies:
    charm "~0.1.2"
    duplexer2 "0.0.2"
    inherits "~2.0.0"
    resumer "~0.0.0"
    through2 "^0.6.3"
    visualwidth "~0.0.1"

text-table@~0.2.0:
  version "0.2.0"
  resolved "https://registry.yarnpkg.com/text-table/-/text-table-0.2.0.tgz#7f5ee823ae805207c00af2df4a84ec3fcfa570b4"

through@^2.3.6, through@~2.3.4:
  version "2.3.8"
  resolved "https://registry.yarnpkg.com/through/-/through-2.3.8.tgz#0dd4c9ffaabc357960b1b724115d7e0e86a2e1f5"

through2@^0.6.3:
  version "0.6.5"
  resolved "https://registry.yarnpkg.com/through2/-/through2-0.6.5.tgz#41ab9c67b29d57209071410e1d7a7a968cd3ad48"
  dependencies:
    readable-stream ">=1.0.33-1 <1.1.0-0"
    xtend ">=4.0.0 <4.1.0-0"

tree-kit@^0.5.19, tree-kit@^0.5.5, tree-kit@^0.5.6:
  version "0.5.26"
  resolved "https://registry.yarnpkg.com/tree-kit/-/tree-kit-0.5.26.tgz#8571c86fa24d1db754e5b0cb3a7e09f41e74a8df"

tryit@^1.0.1:
  version "1.0.3"
  resolved "https://registry.yarnpkg.com/tryit/-/tryit-1.0.3.tgz#393be730a9446fd1ead6da59a014308f36c289cb"

type-check@~0.3.2:
  version "0.3.2"
  resolved "https://registry.yarnpkg.com/type-check/-/type-check-0.3.2.tgz#5884cab512cf1d355e3fb784f30804b2b520db72"
  dependencies:
    prelude-ls "~1.1.2"

typedarray@^0.0.6:
  version "0.0.6"
  resolved "https://registry.yarnpkg.com/typedarray/-/typedarray-0.0.6.tgz#867ac74e3864187b1d3d47d996a78ec5c8830777"

user-home@^2.0.0:
  version "2.0.0"
  resolved "https://registry.yarnpkg.com/user-home/-/user-home-2.0.0.tgz#9c70bfd8169bc1dcbf48604e0f04b8b49cde9e9f"
  dependencies:
    os-homedir "^1.0.0"

util-deprecate@~1.0.1:
  version "1.0.2"
  resolved "https://registry.yarnpkg.com/util-deprecate/-/util-deprecate-1.0.2.tgz#450d4dc9fa70de732762fbd2d4a28981419a0ccf"

validator@^6.0.0:
  version "6.2.1"
  resolved "https://registry.yarnpkg.com/validator/-/validator-6.2.1.tgz#bc575b78d15beb2e338a665ba9530c7f409ef667"

vasync@^1.6.0:
  version "1.6.4"
  resolved "https://registry.yarnpkg.com/vasync/-/vasync-1.6.4.tgz#dfe93616ad0e7ae801b332a9d88bfc5cdc8e1d1f"
  dependencies:
    verror "1.6.0"

verror@1.6.0:
  version "1.6.0"
  resolved "https://registry.yarnpkg.com/verror/-/verror-1.6.0.tgz#7d13b27b1facc2e2da90405eb5ea6e5bdd252ea5"
  dependencies:
    extsprintf "1.2.0"

visualwidth@~0.0.1:
  version "0.0.1"
  resolved "https://registry.yarnpkg.com/visualwidth/-/visualwidth-0.0.1.tgz#237675ab9a7211563926ba63309458c7da915ab7"

wordwrap@~0.0.2:
  version "0.0.3"
  resolved "https://registry.yarnpkg.com/wordwrap/-/wordwrap-0.0.3.tgz#a3d5da6cd5c0bc0008d37234bbaf1bed63059107"

wordwrap@~1.0.0:
  version "1.0.0"
  resolved "https://registry.yarnpkg.com/wordwrap/-/wordwrap-1.0.0.tgz#27584810891456a4171c8d0226441ade90cbcaeb"

wrappy@1:
  version "1.0.2"
  resolved "https://registry.yarnpkg.com/wrappy/-/wrappy-1.0.2.tgz#b5243d8f3ec1aa35f1364605bc0d1036e30ab69f"

write@^0.2.1:
  version "0.2.1"
  resolved "https://registry.yarnpkg.com/write/-/write-0.2.1.tgz#5fc03828e264cea3fe91455476f7a3c566cb0757"
  dependencies:
    mkdirp "^0.5.1"

xtend@^4.0.0, "xtend@>=4.0.0 <4.1.0-0":
  version "4.0.1"
  resolved "https://registry.yarnpkg.com/xtend/-/xtend-4.0.1.tgz#a5c6d532be656e23db820efb943a1f04998d63af"

yallist@^2.0.0:
  version "2.0.0"
  resolved "https://registry.yarnpkg.com/yallist/-/yallist-2.0.0.tgz#306c543835f09ee1a4cb23b7bce9ab341c91cdd4"

